
Microsoft Visual Studio Solution File, Format Version 12.00
# Visual Studio Version 17
VisualStudioVersion = 17.11.35222.181
MinimumVisualStudioVersion = 10.0.40219.1
Project("{FAE04EC0-301F-11D3-BF4B-00C04F79EFBC}") = "ResellAPI", "ResellAPI\ResellAPI.csproj", "{AFACA551-E428-4178-ABAD-4D155B6FA07A}"
EndProject
Project("{FAE04EC0-301F-11D3-BF4B-00C04F79EFBC}") = "OrderService", "OrderService\OrderService.csproj", "{2C07799B-A1D6-43E2-B685-67079367D6DD}"
EndProject
Global
	GlobalSection(SolutionConfigurationPlatforms) = preSolution
		Debug|Any CPU = Debug|Any CPU
		Release|Any CPU = Release|Any CPU
	EndGlobalSection
	GlobalSection(ProjectConfigurationPlatforms) = postSolution
		{AFACA551-E428-4178-ABAD-4D155B6FA07A}.Debug|Any CPU.ActiveCfg = Debug|Any CPU
		{AFACA551-E428-4178-ABAD-4D155B6FA07A}.Debug|Any CPU.Build.0 = Debug|Any CPU
		{AFACA551-E428-4178-ABAD-4D155B6FA07A}.Release|Any CPU.ActiveCfg = Release|Any CPU
		{AFACA551-E428-4178-ABAD-4D155B6FA07A}.Release|Any CPU.Build.0 = Release|Any CPU
		{2C07799B-A1D6-43E2-B685-67079367D6DD}.Debug|Any CPU.ActiveCfg = Debug|Any CPU
		{2C07799B-A1D6-43E2-B685-67079367D6DD}.Debug|Any CPU.Build.0 = Debug|Any CPU
		{2C07799B-A1D6-43E2-B685-67079367D6DD}.Release|Any CPU.ActiveCfg = Release|Any CPU
		{2C07799B-A1D6-43E2-B685-67079367D6DD}.Release|Any CPU.Build.0 = Release|Any CPU
	EndGlobalSection
	GlobalSection(SolutionProperties) = preSolution
		HideSolutionNode = FALSE
	EndGlobalSection
	GlobalSection(ExtensibilityGlobals) = postSolution
		SolutionGuid = {62A4DE9E-FD1E-43F0-88B4-0D3EB6A6AD73}
	EndGlobalSection
EndGlobal
